
Microsoft Visual Studio Solution File, Format Version 12.00
# Visual Studio Version 17
VisualStudioVersion = 17.3.32922.545
MinimumVisualStudioVersion = 10.0.40219.1
Project("{FAE04EC0-301F-11D3-BF4B-00C04F79EFBC}") = "WebApplication2", "WebApplication2\WebApplication2.csproj", "{773E2909-82A3-425F-A83C-8A32EAD31E8B}"
EndProject
Global
	GlobalSection(SolutionConfigurationPlatforms) = preSolution
		Debug|Any CPU = Debug|Any CPU
		Release|Any CPU = Release|Any CPU
	EndGlobalSection
	GlobalSection(ProjectConfigurationPlatforms) = postSolution
		{773E2909-82A3-425F-A83C-8A32EAD31E8B}.Debug|Any CPU.ActiveCfg = Debug|Any CPU
		{773E2909-82A3-425F-A83C-8A32EAD31E8B}.Debug|Any CPU.Build.0 = Debug|Any CPU
		{773E2909-82A3-425F-A83C-8A32EAD31E8B}.Release|Any CPU.ActiveCfg = Release|Any CPU
		{773E2909-82A3-425F-A83C-8A32EAD31E8B}.Release|Any CPU.Build.0 = Release|Any CPU
	EndGlobalSection
	GlobalSection(SolutionProperties) = preSolution
		HideSolutionNode = FALSE
	EndGlobalSection
	GlobalSection(ExtensibilityGlobals) = postSolution
		SolutionGuid = {0450B1D2-8118-4157-BA36-CD85CC5E8934}
	EndGlobalSection
EndGlobal
